
Microsoft Visual Studio Solution File, Format Version 12.00
# Visual Studio Version 17
VisualStudioVersion = 17.7.34221.43
MinimumVisualStudioVersion = 10.0.40219.1
Project("{FAE04EC0-301F-11D3-BF4B-00C04F79EFBC}") = "Telcel.R9.Estructura.AccesoDatos", "Telcel.R9.Estructura.AccesoDatos\Telcel.R9.Estructura.AccesoDatos.csproj", "{739A66F5-A635-49DC-A646-8E94584468F1}"
EndProject
Project("{FAE04EC0-301F-11D3-BF4B-00C04F79EFBC}") = "Telcel.R9.Estructura.Negocio", "Telcel.R9.Estructura.Negocio\Telcel.R9.Estructura.Negocio.csproj", "{B1B4F38F-AC61-4287-896F-5B1DCF39616A}"
EndProject
Project("{FAE04EC0-301F-11D3-BF4B-00C04F79EFBC}") = "Telcel.R9.Estructura.Presentacion", "Telcel.R9.Estructura.Presentacion\Telcel.R9.Estructura.Presentacion.csproj", "{D7986F6D-E861-4E74-9D9D-B19738C36765}"
EndProject
Global
	GlobalSection(SolutionConfigurationPlatforms) = preSolution
		Debug|Any CPU = Debug|Any CPU
		Release|Any CPU = Release|Any CPU
	EndGlobalSection
	GlobalSection(ProjectConfigurationPlatforms) = postSolution
		{739A66F5-A635-49DC-A646-8E94584468F1}.Debug|Any CPU.ActiveCfg = Debug|Any CPU
		{739A66F5-A635-49DC-A646-8E94584468F1}.Debug|Any CPU.Build.0 = Debug|Any CPU
		{739A66F5-A635-49DC-A646-8E94584468F1}.Release|Any CPU.ActiveCfg = Release|Any CPU
		{739A66F5-A635-49DC-A646-8E94584468F1}.Release|Any CPU.Build.0 = Release|Any CPU
		{B1B4F38F-AC61-4287-896F-5B1DCF39616A}.Debug|Any CPU.ActiveCfg = Debug|Any CPU
		{B1B4F38F-AC61-4287-896F-5B1DCF39616A}.Debug|Any CPU.Build.0 = Debug|Any CPU
		{B1B4F38F-AC61-4287-896F-5B1DCF39616A}.Release|Any CPU.ActiveCfg = Release|Any CPU
		{B1B4F38F-AC61-4287-896F-5B1DCF39616A}.Release|Any CPU.Build.0 = Release|Any CPU
		{D7986F6D-E861-4E74-9D9D-B19738C36765}.Debug|Any CPU.ActiveCfg = Debug|Any CPU
		{D7986F6D-E861-4E74-9D9D-B19738C36765}.Debug|Any CPU.Build.0 = Debug|Any CPU
		{D7986F6D-E861-4E74-9D9D-B19738C36765}.Release|Any CPU.ActiveCfg = Release|Any CPU
		{D7986F6D-E861-4E74-9D9D-B19738C36765}.Release|Any CPU.Build.0 = Release|Any CPU
	EndGlobalSection
	GlobalSection(SolutionProperties) = preSolution
		HideSolutionNode = FALSE
	EndGlobalSection
	GlobalSection(ExtensibilityGlobals) = postSolution
		SolutionGuid = {8ADE709C-F024-4C93-B5D2-69959A950FE6}
	EndGlobalSection
EndGlobal
